
Microsoft Visual Studio Solution File, Format Version 12.00
# Visual Studio Version 16
VisualStudioVersion = 16.0.31129.286
MinimumVisualStudioVersion = 10.0.40219.1
Project("{FAE04EC0-301F-11D3-BF4B-00C04F79EFBC}") = "PaymentAPI", "PaymentAPI\PaymentAPI.csproj", "{C8D69CF0-8DA5-4F56-9180-6D79B4FE30D5}"
EndProject
Global
	GlobalSection(SolutionConfigurationPlatforms) = preSolution
		Debug|Any CPU = Debug|Any CPU
		Release|Any CPU = Release|Any CPU
	EndGlobalSection
	GlobalSection(ProjectConfigurationPlatforms) = postSolution
		{C8D69CF0-8DA5-4F56-9180-6D79B4FE30D5}.Debug|Any CPU.ActiveCfg = Debug|Any CPU
		{C8D69CF0-8DA5-4F56-9180-6D79B4FE30D5}.Debug|Any CPU.Build.0 = Debug|Any CPU
		{C8D69CF0-8DA5-4F56-9180-6D79B4FE30D5}.Release|Any CPU.ActiveCfg = Release|Any CPU
		{C8D69CF0-8DA5-4F56-9180-6D79B4FE30D5}.Release|Any CPU.Build.0 = Release|Any CPU
	EndGlobalSection
	GlobalSection(SolutionProperties) = preSolution
		HideSolutionNode = FALSE
	EndGlobalSection
	GlobalSection(ExtensibilityGlobals) = postSolution
		SolutionGuid = {8CC923CF-478D-4EDF-822C-D30E4922E557}
	EndGlobalSection
EndGlobal
